# THIS IS AN AUTOGENERATED FILE. DO NOT EDIT THIS FILE DIRECTLY.
# yarn lockfile v1


"@hotwired/stimulus-webpack-helpers@^1.0.0":
  "integrity" "sha512-wa/zupVG0eWxRYJjC1IiPBdt3Lruv0RqGN+/DTMmUWUyMAEB27KXmVY6a8YpUVTM7QwVuaLNGW4EqDgrS2upXQ=="
  "resolved" "https://registry.npmjs.org/@hotwired/stimulus-webpack-helpers/-/stimulus-webpack-helpers-1.0.1.tgz"
  "version" "1.0.1"

"@hotwired/stimulus@^3.2.2", "@hotwired/stimulus@>= 3.0":
  "integrity" "sha512-eGeIqNOQpXoPAIP7tC1+1Yc1yl1xnwYqg+3mzqxyrbE5pg5YFBZcA6YoTiByJB6DKAEsiWtl6tjTJS4IYtbB7A=="
  "resolved" "https://registry.npmjs.org/@hotwired/stimulus/-/stimulus-3.2.2.tgz"
  "version" "3.2.2"

"clipboard@^2.0.11":
  "integrity" "sha512-C+0bbOqkezLIsmWSvlsXS0Q0bmkugu7jcfMIACB+RDEntIzQIkdr148we28AfSloQLRdZlYL/QYyrq05j/3Faw=="
  "resolved" "https://registry.npmjs.org/clipboard/-/clipboard-2.0.11.tgz"
  "version" "2.0.11"
  dependencies:
    "good-listener" "^1.2.2"
    "select" "^1.1.2"
    "tiny-emitter" "^2.0.0"

"delegate@^3.1.2":
  "integrity" "sha512-IofjkYBZaZivn0V8nnsMJGBr4jVLxHDheKSW88PyxS5QC4Vo9ZbZVvhzlSxY87fVq3STR6r+4cGepyHkcWOQSw=="
  "resolved" "https://registry.npmjs.org/delegate/-/delegate-3.2.0.tgz"
  "version" "3.2.0"

"good-listener@^1.2.2":
  "integrity" "sha512-goW1b+d9q/HIwbVYZzZ6SsTr4IgE+WA44A0GmPIQstuOrgsFcT7VEJ48nmr9GaRtNu0XTKacFLGnBPAM6Afouw=="
  "resolved" "https://registry.npmjs.org/good-listener/-/good-listener-1.2.2.tgz"
  "version" "1.2.2"
  dependencies:
    "delegate" "^3.1.2"

"select@^1.1.2":
  "integrity" "sha512-OwpTSOfy6xSs1+pwcNrv0RBMOzI39Lp3qQKUTPVVPRjCdNa5JH/oPRiqsesIskK8TVgmRiHwO4KXlV2Li9dANA=="
  "resolved" "https://registry.npmjs.org/select/-/select-1.1.2.tgz"
  "version" "1.1.2"

"stimulus@^3.2.2":
  "integrity" "sha512-sEGK0ofeMuW+B2oPLTigCqxl47P9vRfZxeqzY5Hk1u0QPWS8DZhW+VOEEyngtzdHM+MutXKGBT8BkUKoA0060Q=="
  "resolved" "https://registry.npmjs.org/stimulus/-/stimulus-3.2.2.tgz"
  "version" "3.2.2"
  dependencies:
    "@hotwired/stimulus" "^3.2.2"
    "@hotwired/stimulus-webpack-helpers" "^1.0.0"

"tiny-emitter@^2.0.0":
  "integrity" "sha512-NB6Dk1A9xgQPMoGqC5CVXn123gWyte215ONT5Pp5a0yt4nlEoO1ZWeCwpncaekPHXO60i47ihFnZPiRPjRMq4Q=="
  "resolved" "https://registry.npmjs.org/tiny-emitter/-/tiny-emitter-2.1.0.tgz"
  "version" "2.1.0"
